
Microsoft Visual Studio Solution File, Format Version 12.00
# Visual Studio Version 17
VisualStudioVersion = 17.14.36429.23 d17.14
MinimumVisualStudioVersion = 10.0.40219.1
Project("{FAE04EC0-301F-11D3-BF4B-00C04F79EFBC}") = "TesteConsoleNet", "TesteConsoleNet.csproj", "{354E568C-C8F4-4BAF-A1B9-DFE18DCDED45}"
EndProject
Global
	GlobalSection(SolutionConfigurationPlatforms) = preSolution
		Debug|Any CPU = Debug|Any CPU
		Release|Any CPU = Release|Any CPU
	EndGlobalSection
	GlobalSection(ProjectConfigurationPlatforms) = postSolution
		{354E568C-C8F4-4BAF-A1B9-DFE18DCDED45}.Debug|Any CPU.ActiveCfg = Debug|Any CPU
		{354E568C-C8F4-4BAF-A1B9-DFE18DCDED45}.Debug|Any CPU.Build.0 = Debug|Any CPU
		{354E568C-C8F4-4BAF-A1B9-DFE18DCDED45}.Release|Any CPU.ActiveCfg = Release|Any CPU
		{354E568C-C8F4-4BAF-A1B9-DFE18DCDED45}.Release|Any CPU.Build.0 = Release|Any CPU
	EndGlobalSection
	GlobalSection(SolutionProperties) = preSolution
		HideSolutionNode = FALSE
	EndGlobalSection
	GlobalSection(ExtensibilityGlobals) = postSolution
		SolutionGuid = {6BDC03A2-0855-4D78-B4C9-1D9318D0200C}
	EndGlobalSection
EndGlobal
